// !$*UTF8*$!
{
	archiveVersion = 1;
	classes = {
	};
	objectVersion = 46;
	objects = {

/* Begin PBXBuildFile section */
		025582B71F709606005CB508 /* Action.js in Resources */ = {isa = PBXBuildFile; fileRef = 025582B61F709606005CB508 /* Action.js */; };
		02D79B701F705858002C65FA /* AppDelegate.swift in Sources */ = {isa = PBXBuildFile; fileRef = 02D79B6F1F705858002C65FA /* AppDelegate.swift */; };
		02D79B721F705858002C65FA /* ViewController.swift in Sources */ = {isa = PBXBuildFile; fileRef = 02D79B711F705858002C65FA /* ViewController.swift */; };
		02D79B751F705858002C65FA /* Main.storyboard in Resources */ = {isa = PBXBuildFile; fileRef = 02D79B731F705858002C65FA /* Main.storyboard */; };
		02D79B771F705858002C65FA /* Assets.xcassets in Resources */ = {isa = PBXBuildFile; fileRef = 02D79B761F705858002C65FA /* Assets.xcassets */; };
		02D79B7A1F705858002C65FA /* LaunchScreen.storyboard in Resources */ = {isa = PBXBuildFile; fileRef = 02D79B781F705858002C65FA /* LaunchScreen.storyboard */; };
		02D79B881F705BDF002C65FA /* ActionViewController.swift in Sources */ = {isa = PBXBuildFile; fileRef = 02D79B871F705BDF002C65FA /* ActionViewController.swift */; };
		02D79B8B1F705BDF002C65FA /* MainInterface.storyboard in Resources */ = {isa = PBXBuildFile; fileRef = 02D79B891F705BDF002C65FA /* MainInterface.storyboard */; };
		02D79B8F1F705BDF002C65FA /* Extension.appex in Embed App Extensions */ = {isa = PBXBuildFile; fileRef = 02D79B851F705BDF002C65FA /* Extension.appex */; settings = {ATTRIBUTES = (RemoveHeadersOnCopy, ); }; };
/* End PBXBuildFile section */

/* Begin PBXContainerItemProxy section */
		02D79B8D1F705BDF002C65FA /* PBXContainerItemProxy */ = {
			isa = PBXContainerItemProxy;
			containerPortal = 02D79B641F705858002C65FA /* Project object */;
			proxyType = 1;
			remoteGlobalIDString = 02D79B841F705BDF002C65FA;
			remoteInfo = Extension;
		};
/* End PBXContainerItemProxy section */

/* Begin PBXCopyFilesBuildPhase section */
		02D79B931F705BDF002C65FA /* Embed App Extensions */ = {
			isa = PBXCopyFilesBuildPhase;
			buildActionMask = 2147483647;
			dstPath = "";
			dstSubfolderSpec = 13;
			files = (
				02D79B8F1F705BDF002C65FA /* Extension.appex in Embed App Extensions */,
			);
			name = "Embed App Extensions";
			runOnlyForDeploymentPostprocessing = 0;
		};
/* End PBXCopyFilesBuildPhase section */

/* Begin PBXFileReference section */
		025582B61F709606005CB508 /* Action.js */ = {isa = PBXFileReference; fileEncoding = 4; lastKnownFileType = sourcecode.javascript; path = Action.js; sourceTree = "<group>"; };
		02D79B6C1F705858002C65FA /* HwSProject16.app */ = {isa = PBXFileReference; explicitFileType = wrapper.application; includeInIndex = 0; path = HwSProject16.app; sourceTree = BUILT_PRODUCTS_DIR; };
		02D79B6F1F705858002C65FA /* AppDelegate.swift */ = {isa = PBXFileReference; lastKnownFileType = sourcecode.swift; path = AppDelegate.swift; sourceTree = "<group>"; };
		02D79B711F705858002C65FA /* ViewController.swift */ = {isa = PBXFileReference; lastKnownFileType = sourcecode.swift; path = ViewController.swift; sourceTree = "<group>"; };
		02D79B741F705858002C65FA /* Base */ = {isa = PBXFileReference; lastKnownFileType = file.storyboard; name = Base; path = Base.lproj/Main.storyboard; sourceTree = "<group>"; };
		02D79B761F705858002C65FA /* Assets.xcassets */ = {isa = PBXFileReference; lastKnownFileType = folder.assetcatalog; path = Assets.xcassets; sourceTree = "<group>"; };
		02D79B791F705858002C65FA /* Base */ = {isa = PBXFileReference; lastKnownFileType = file.storyboard; name = Base; path = Base.lproj/LaunchScreen.storyboard; sourceTree = "<group>"; };
		02D79B7B1F705858002C65FA /* Info.plist */ = {isa = PBXFileReference; lastKnownFileType = text.plist.xml; path = Info.plist; sourceTree = "<group>"; };
		02D79B851F705BDF002C65FA /* Extension.appex */ = {isa = PBXFileReference; explicitFileType = "wrapper.app-extension"; includeInIndex = 0; path = Extension.appex; sourceTree = BUILT_PRODUCTS_DIR; };
		02D79B871F705BDF002C65FA /* ActionViewController.swift */ = {isa = PBXFileReference; lastKnownFileType = sourcecode.swift; path = ActionViewController.swift; sourceTree = "<group>"; };
		02D79B8A1F705BDF002C65FA /* Base */ = {isa = PBXFileReference; lastKnownFileType = file.storyboard; name = Base; path = Base.lproj/MainInterface.storyboard; sourceTree = "<group>"; };
		02D79B8C1F705BDF002C65FA /* Info.plist */ = {isa = PBXFileReference; lastKnownFileType = text.plist.xml; path = Info.plist; sourceTree = "<group>"; };
/* End PBXFileReference section */

/* Begin PBXFrameworksBuildPhase section */
		02D79B691F705858002C65FA /* Frameworks */ = {
			isa = PBXFrameworksBuildPhase;
			buildActionMask = 2147483647;
			files = (
			);
			runOnlyForDeploymentPostprocessing = 0;
		};
		02D79B821F705BDF002C65FA /* Frameworks */ = {
			isa = PBXFrameworksBuildPhase;
			buildActionMask = 2147483647;
			files = (
			);
			runOnlyForDeploymentPostprocessing = 0;
		};
/* End PBXFrameworksBuildPhase section */

/* Begin PBXGroup section */
		02D79B631F705858002C65FA = {
			isa = PBXGroup;
			children = (
				02D79B6E1F705858002C65FA /* HwSProject16 */,
				02D79B861F705BDF002C65FA /* Extension */,
				02D79B6D1F705858002C65FA /* Products */,
			);
			sourceTree = "<group>";
		};
		02D79B6D1F705858002C65FA /* Products */ = {
			isa = PBXGroup;
			children = (
				02D79B6C1F705858002C65FA /* HwSProject16.app */,
				02D79B851F705BDF002C65FA /* Extension.appex */,
			);
			name = Products;
			sourceTree = "<group>";
		};
		02D79B6E1F705858002C65FA /* HwSProject16 */ = {
			isa = PBXGroup;
			children = (
				02D79B6F1F705858002C65FA /* AppDelegate.swift */,
				02D79B711F705858002C65FA /* ViewController.swift */,
				02D79B731F705858002C65FA /* Main.storyboard */,
				02D79B761F705858002C65FA /* Assets.xcassets */,
				02D79B781F705858002C65FA /* LaunchScreen.storyboard */,
				02D79B7B1F705858002C65FA /* Info.plist */,
			);
			path = HwSProject16;
			sourceTree = "<group>";
		};
		02D79B861F705BDF002C65FA /* Extension */ = {
			isa = PBXGroup;
			children = (
				02D79B871F705BDF002C65FA /* ActionViewController.swift */,
				02D79B891F705BDF002C65FA /* MainInterface.storyboard */,
				02D79B8C1F705BDF002C65FA /* Info.plist */,
				025582B61F709606005CB508 /* Action.js */,
			);
			path = Extension;
			sourceTree = "<group>";
		};
/* End PBXGroup section */

/* Begin PBXNativeTarget section */
		02D79B6B1F705858002C65FA /* HwSProject16 */ = {
			isa = PBXNativeTarget;
			buildConfigurationList = 02D79B7E1F705858002C65FA /* Build configuration list for PBXNativeTarget "HwSProject16" */;
			buildPhases = (
				02D79B681F705858002C65FA /* Sources */,
				02D79B691F705858002C65FA /* Frameworks */,
				02D79B6A1F705858002C65FA /* Resources */,
				02D79B931F705BDF002C65FA /* Embed App Extensions */,
			);
			buildRules = (
			);
			dependencies = (
				02D79B8E1F705BDF002C65FA /* PBXTargetDependency */,
			);
			name = HwSProject16;
			productName = HwSProject16;
			productReference = 02D79B6C1F705858002C65FA /* HwSProject16.app */;
			productType = "com.apple.product-type.application";
		};
		02D79B841F705BDF002C65FA /* Extension */ = {
			isa = PBXNativeTarget;
			buildConfigurationList = 02D79B901F705BDF002C65FA /* Build configuration list for PBXNativeTarget "Extension" */;
			buildPhases = (
				02D79B811F705BDF002C65FA /* Sources */,
				02D79B821F705BDF002C65FA /* Frameworks */,
				02D79B831F705BDF002C65FA /* Resources */,
			);
			buildRules = (
			);
			dependencies = (
			);
			name = Extension;
			productName = Extension;
			productReference = 02D79B851F705BDF002C65FA /* Extension.appex */;
			productType = "com.apple.product-type.app-extension";
		};
/* End PBXNativeTarget section */

/* Begin PBXProject section */
		02D79B641F705858002C65FA /* Project object */ = {
			isa = PBXProject;
			attributes = {
				LastSwiftUpdateCheck = 0830;
				LastUpgradeCheck = 0830;
				ORGANIZATIONNAME = "Skyler Svendsen";
				TargetAttributes = {
					02D79B6B1F705858002C65FA = {
						CreatedOnToolsVersion = 8.3.3;
						ProvisioningStyle = Automatic;
					};
					02D79B841F705BDF002C65FA = {
						CreatedOnToolsVersion = 8.3.3;
						ProvisioningStyle = Automatic;
					};
				};
			};
			buildConfigurationList = 02D79B671F705858002C65FA /* Build configuration list for PBXProject "HwSProject16" */;
			compatibilityVersion = "Xcode 3.2";
			developmentRegion = English;
			hasScannedForEncodings = 0;
			knownRegions = (
				en,
				Base,
			);
			mainGroup = 02D79B631F705858002C65FA;
			productRefGroup = 02D79B6D1F705858002C65FA /* Products */;
			projectDirPath = "";
			projectRoot = "";
			targets = (
				02D79B6B1F705858002C65FA /* HwSProject16 */,
				02D79B841F705BDF002C65FA /* Extension */,
			);
		};
/* End PBXProject section */

/* Begin PBXResourcesBuildPhase section */
		02D79B6A1F705858002C65FA /* Resources */ = {
			isa = PBXResourcesBuildPhase;
			buildActionMask = 2147483647;
			files = (
				02D79B7A1F705858002C65FA /* LaunchScreen.storyboard in Resources */,
				02D79B771F705858002C65FA /* Assets.xcassets in Resources */,
				02D79B751F705858002C65FA /* Main.storyboard in Resources */,
			);
			runOnlyForDeploymentPostprocessing = 0;
		};
		02D79B831F705BDF002C65FA /* Resources */ = {
			isa = PBXResourcesBuildPhase;
			buildActionMask = 2147483647;
			files = (
				025582B71F709606005CB508 /* Action.js in Resources */,
				02D79B8B1F705BDF002C65FA /* MainInterface.storyboard in Resources */,
			);
			runOnlyForDeploymentPostprocessing = 0;
		};
/* End PBXResourcesBuildPhase section */

/* Begin PBXSourcesBuildPhase section */
		02D79B681F705858002C65FA /* Sources */ = {
			isa = PBXSourcesBuildPhase;
			buildActionMask = 2147483647;
			files = (
				02D79B721F705858002C65FA /* ViewController.swift in Sources */,
				02D79B701F705858002C65FA /* AppDelegate.swift in Sources */,
			);
			runOnlyForDeploymentPostprocessing = 0;
		};
		02D79B811F705BDF002C65FA /* Sources */ = {
			isa = PBXSourcesBuildPhase;
			buildActionMask = 2147483647;
			files = (
				02D79B881F705BDF002C65FA /* ActionViewController.swift in Sources */,
			);
			runOnlyForDeploymentPostprocessing = 0;
		};
/* End PBXSourcesBuildPhase section */

/* Begin PBXTargetDependency section */
		02D79B8E1F705BDF002C65FA /* PBXTargetDependency */ = {
			isa = PBXTargetDependency;
			target = 02D79B841F705BDF002C65FA /* Extension */;
			targetProxy = 02D79B8D1F705BDF002C65FA /* PBXContainerItemProxy */;
		};
/* End PBXTargetDependency section */

/* Begin PBXVariantGroup section */
		02D79B731F705858002C65FA /* Main.storyboard */ = {
			isa = PBXVariantGroup;
			children = (
				02D79B741F705858002C65FA /* Base */,
			);
			name = Main.storyboard;
			sourceTree = "<group>";
		};
		02D79B781F705858002C65FA /* LaunchScreen.storyboard */ = {
			isa = PBXVariantGroup;
			children = (
				02D79B791F705858002C65FA /* Base */,
			);
			name = LaunchScreen.storyboard;
			sourceTree = "<group>";
		};
		02D79B891F705BDF002C65FA /* MainInterface.storyboard */ = {
			isa = PBXVariantGroup;
			children = (
				02D79B8A1F705BDF002C65FA /* Base */,
			);
			name = MainInterface.storyboard;
			sourceTree = "<group>";
		};
/* End PBXVariantGroup section */

/* Begin XCBuildConfiguration section */
		02D79B7C1F705858002C65FA /* Debug */ = {
			isa = XCBuildConfiguration;
			buildSettings = {
				ALWAYS_SEARCH_USER_PATHS = NO;
				CLANG_ANALYZER_NONNULL = YES;
				CLANG_ANALYZER_NUMBER_OBJECT_CONVERSION = YES_AGGRESSIVE;
				CLANG_CXX_LANGUAGE_STANDARD = "gnu++0x";
				CLANG_CXX_LIBRARY = "libc++";
				CLANG_ENABLE_MODULES = YES;
				CLANG_ENABLE_OBJC_ARC = YES;
				CLANG_WARN_BOOL_CONVERSION = YES;
				CLANG_WARN_CONSTANT_CONVERSION = YES;
				CLANG_WARN_DIRECT_OBJC_ISA_USAGE = YES_ERROR;
				CLANG_WARN_DOCUMENTATION_COMMENTS = YES;
				CLANG_WARN_EMPTY_BODY = YES;
				CLANG_WARN_ENUM_CONVERSION = YES;
				CLANG_WARN_INFINITE_RECURSION = YES;
				CLANG_WARN_INT_CONVERSION = YES;
				CLANG_WARN_OBJC_ROOT_CLASS = YES_ERROR;
				CLANG_WARN_SUSPICIOUS_MOVE = YES;
				CLANG_WARN_UNREACHABLE_CODE = YES;
				CLANG_WARN__DUPLICATE_METHOD_MATCH = YES;
				"CODE_SIGN_IDENTITY[sdk=iphoneos*]" = "iPhone Developer";
				COPY_PHASE_STRIP = NO;
				DEBUG_INFORMATION_FORMAT = dwarf;
				ENABLE_STRICT_OBJC_MSGSEND = YES;
				ENABLE_TESTABILITY = YES;
				GCC_C_LANGUAGE_STANDARD = gnu99;
				GCC_DYNAMIC_NO_PIC = NO;
				GCC_NO_COMMON_BLOCKS = YES;
				GCC_OPTIMIZATION_LEVEL = 0;
				GCC_PREPROCESSOR_DEFINITIONS = (
					"DEBUG=1",
					"$(inherited)",
				);
				GCC_WARN_64_TO_32_BIT_CONVERSION = YES;
				GCC_WARN_ABOUT_RETURN_TYPE = YES_ERROR;
				GCC_WARN_UNDECLARED_SELECTOR = YES;
				GCC_WARN_UNINITIALIZED_AUTOS = YES_AGGRESSIVE;
				GCC_WARN_UNUSED_FUNCTION = YES;
				GCC_WARN_UNUSED_VARIABLE = YES;
				IPHONEOS_DEPLOYMENT_TARGET = 10.3;
				MTL_ENABLE_DEBUG_INFO = YES;
				ONLY_ACTIVE_ARCH = YES;
				SDKROOT = iphoneos;
				SWIFT_ACTIVE_COMPILATION_CONDITIONS = DEBUG;
				SWIFT_OPTIMIZATION_LEVEL = "-Onone";
			};
			name = Debug;
		};
		02D79B7D1F705858002C65FA /* Release */ = {
			isa = XCBuildConfiguration;
			buildSettings = {
				ALWAYS_SEARCH_USER_PATHS = NO;
				CLANG_ANALYZER_NONNULL = YES;
				CLANG_ANALYZER_NUMBER_OBJECT_CONVERSION = YES_AGGRESSIVE;
				CLANG_CXX_LANGUAGE_STANDARD = "gnu++0x";
				CLANG_CXX_LIBRARY = "libc++";
				CLANG_ENABLE_MODULES = YES;
				CLANG_ENABLE_OBJC_ARC = YES;
				CLANG_WARN_BOOL_CONVERSION = YES;
				CLANG_WARN_CONSTANT_CONVERSION = YES;
				CLANG_WARN_DIRECT_OBJC_ISA_USAGE = YES_ERROR;
				CLANG_WARN_DOCUMENTATION_COMMENTS = YES;
				CLANG_WARN_EMPTY_BODY = YES;
				CLANG_WARN_ENUM_CONVERSION = YES;
				CLANG_WARN_INFINITE_RECURSION = YES;
				CLANG_WARN_INT_CONVERSION = YES;
				CLANG_WARN_OBJC_ROOT_CLASS = YES_ERROR;
				CLANG_WARN_SUSPICIOUS_MOVE = YES;
				CLANG_WARN_UNREACHABLE_CODE = YES;
				CLANG_WARN__DUPLICATE_METHOD_MATCH = YES;
				"CODE_SIGN_IDENTITY[sdk=iphoneos*]" = "iPhone Developer";
				COPY_PHASE_STRIP = NO;
				DEBUG_INFORMATION_FORMAT = "dwarf-with-dsym";
				ENABLE_NS_ASSERTIONS = NO;
				ENABLE_STRICT_OBJC_MSGSEND = YES;
				GCC_C_LANGUAGE_STANDARD = gnu99;
				GCC_NO_COMMON_BLOCKS = YES;
				GCC_WARN_64_TO_32_BIT_CONVERSION = YES;
				GCC_WARN_ABOUT_RETURN_TYPE = YES_ERROR;
				GCC_WARN_UNDECLARED_SELECTOR = YES;
				GCC_WARN_UNINITIALIZED_AUTOS = YES_AGGRESSIVE;
				GCC_WARN_UNUSED_FUNCTION = YES;
				GCC_WARN_UNUSED_VARIABLE = YES;
				IPHONEOS_DEPLOYMENT_TARGET = 10.3;
				MTL_ENABLE_DEBUG_INFO = NO;
				SDKROOT = iphoneos;
				SWIFT_OPTIMIZATION_LEVEL = "-Owholemodule";
				VALIDATE_PRODUCT = YES;
			};
			name = Release;
		};
		02D79B7F1F705858002C65FA /* Debug */ = {
			isa = XCBuildConfiguration;
			buildSettings = {
				ALWAYS_EMBED_SWIFT_STANDARD_LIBRARIES = YES;
				ASSETCATALOG_COMPILER_APPICON_NAME = AppIcon;
				INFOPLIST_FILE = HwSProject16/Info.plist;
				LD_RUNPATH_SEARCH_PATHS = "$(inherited) @executable_path/Frameworks";
				PRODUCT_BUNDLE_IDENTIFIER = ssvendse.HwSProject16;
				PRODUCT_NAME = "$(TARGET_NAME)";
				SWIFT_VERSION = 3.0;
			};
			name = Debug;
		};
		02D79B801F705858002C65FA /* Release */ = {
			isa = XCBuildConfiguration;
			buildSettings = {
				ALWAYS_EMBED_SWIFT_STANDARD_LIBRARIES = YES;
				ASSETCATALOG_COMPILER_APPICON_NAME = AppIcon;
				INFOPLIST_FILE = HwSProject16/Info.plist;
				LD_RUNPATH_SEARCH_PATHS = "$(inherited) @executable_path/Frameworks";
				PRODUCT_BUNDLE_IDENTIFIER = ssvendse.HwSProject16;
				PRODUCT_NAME = "$(TARGET_NAME)";
				SWIFT_VERSION = 3.0;
			};
			name = Release;
		};
		02D79B911F705BDF002C65FA /* Debug */ = {
			isa = XCBuildConfiguration;
			buildSettings = {
				INFOPLIST_FILE = Extension/Info.plist;
				LD_RUNPATH_SEARCH_PATHS = "$(inherited) @executable_path/Frameworks @executable_path/../../Frameworks";
				PRODUCT_BUNDLE_IDENTIFIER = ssvendse.HwSProject16.Extension;
				PRODUCT_NAME = "$(TARGET_NAME)";
				SKIP_INSTALL = YES;
				SWIFT_VERSION = 3.0;
			};
			name = Debug;
		};
		02D79B921F705BDF002C65FA /* Release */ = {
			isa = XCBuildConfiguration;
			buildSettings = {
				INFOPLIST_FILE = Extension/Info.plist;
				LD_RUNPATH_SEARCH_PATHS = "$(inherited) @executable_path/Frameworks @executable_path/../../Frameworks";
				PRODUCT_BUNDLE_IDENTIFIER = ssvendse.HwSProject16.Extension;
				PRODUCT_NAME = "$(TARGET_NAME)";
				SKIP_INSTALL = YES;
				SWIFT_VERSION = 3.0;
			};
			name = Release;
		};
/* End XCBuildConfiguration section */

/* Begin XCConfigurationList section */
		02D79B671F705858002C65FA /* Build configuration list for PBXProject "HwSProject16" */ = {
			isa = XCConfigurationList;
			buildConfigurations = (
				02D79B7C1F705858002C65FA /* Debug */,
				02D79B7D1F705858002C65FA /* Release */,
			);
			defaultConfigurationIsVisible = 0;
			defaultConfigurationName = Release;
		};
		02D79B7E1F705858002C65FA /* Build configuration list for PBXNativeTarget "HwSProject16" */ = {
			isa = XCConfigurationList;
			buildConfigurations = (
				02D79B7F1F705858002C65FA /* Debug */,
				02D79B801F705858002C65FA /* Release */,
			);
			defaultConfigurationIsVisible = 0;
			defaultConfigurationName = Release;
		};
		02D79B901F705BDF002C65FA /* Build configuration list for PBXNativeTarget "Extension" */ = {
			isa = XCConfigurationList;
			buildConfigurations = (
				02D79B911F705BDF002C65FA /* Debug */,
				02D79B921F705BDF002C65FA /* Release */,
			);
			defaultConfigurationIsVisible = 0;
			defaultConfigurationName = Release;
		};
/* End XCConfigurationList section */
	};
	rootObject = 02D79B641F705858002C65FA /* Project object */;
}
